// !$*UTF8*$!
{
	archiveVersion = 1;
	classes = {
	};
	objectVersion = 48;
	objects = {

/* Begin PBXBuildFile section */
		6BFB92DD0F59DD1BC79C2715 /* Pods_hsh.framework in Frameworks */ = {isa = PBXBuildFile; fileRef = 92A64C38F3B10879F5D98BB3 /* Pods_hsh.framework */; };
		AC65F2D120C0F07C008187FB /* AppDelegate.swift in Sources */ = {isa = PBXBuildFile; fileRef = AC65F2D020C0F07C008187FB /* AppDelegate.swift */; };
		AC65F2D620C0F07C008187FB /* Main.storyboard in Resources */ = {isa = PBXBuildFile; fileRef = AC65F2D420C0F07C008187FB /* Main.storyboard */; };
		AC65F2D820C0F07C008187FB /* Assets.xcassets in Resources */ = {isa = PBXBuildFile; fileRef = AC65F2D720C0F07C008187FB /* Assets.xcassets */; };
		AC65F2DB20C0F07C008187FB /* LaunchScreen.storyboard in Resources */ = {isa = PBXBuildFile; fileRef = AC65F2D920C0F07C008187FB /* LaunchScreen.storyboard */; };
		AC65F30320C0F245008187FB /* BaseTabBarController.swift in Sources */ = {isa = PBXBuildFile; fileRef = AC65F2FF20C0F244008187FB /* BaseTabBarController.swift */; };
		AC65F30420C0F245008187FB /* BaseViewController.swift in Sources */ = {isa = PBXBuildFile; fileRef = AC65F30020C0F244008187FB /* BaseViewController.swift */; };
		AC65F30520C0F245008187FB /* BaseNavigationController.swift in Sources */ = {isa = PBXBuildFile; fileRef = AC65F30120C0F244008187FB /* BaseNavigationController.swift */; };
		AC65F30720C0F24B008187FB /* ShouyeViewcontrooler.swift in Sources */ = {isa = PBXBuildFile; fileRef = AC65F30620C0F24B008187FB /* ShouyeViewcontrooler.swift */; };
		AC65F30B20C0F688008187FB /* config.swift in Sources */ = {isa = PBXBuildFile; fileRef = AC65F30A20C0F688008187FB /* config.swift */; };
		AC65F30F20C11993008187FB /* shouye.storyboard in Resources */ = {isa = PBXBuildFile; fileRef = AC65F30E20C11993008187FB /* shouye.storyboard */; };
		AC65F31120C124D8008187FB /* NSUser.swift in Sources */ = {isa = PBXBuildFile; fileRef = AC65F31020C124D8008187FB /* NSUser.swift */; };
		AC65F31320C12525008187FB /* RwViewController.swift in Sources */ = {isa = PBXBuildFile; fileRef = AC65F31220C12525008187FB /* RwViewController.swift */; };
		AC65F31520C12652008187FB /* RwTableViewcell.swift in Sources */ = {isa = PBXBuildFile; fileRef = AC65F31420C12652008187FB /* RwTableViewcell.swift */; };
		AC65F31720C13039008187FB /* SJProgressHUD.swift in Sources */ = {isa = PBXBuildFile; fileRef = AC65F31620C13039008187FB /* SJProgressHUD.swift */; };
		AC7F3AC520C13A4C004E9299 /* MineViewcontroller.swift in Sources */ = {isa = PBXBuildFile; fileRef = AC7F3AC420C13A4C004E9299 /* MineViewcontroller.swift */; };
		ACA2AD8F20C5036A002F315E /* IntroductionViewController.swift in Sources */ = {isa = PBXBuildFile; fileRef = ACA2AD8E20C5036A002F315E /* IntroductionViewController.swift */; };
		ACA2AD9420C5252F002F315E /* Reachability.swift in Sources */ = {isa = PBXBuildFile; fileRef = ACA2AD9320C5252E002F315E /* Reachability.swift */; };
		ACA2AD9620C53453002F315E /* MyRequest.swift in Sources */ = {isa = PBXBuildFile; fileRef = ACA2AD9520C53453002F315E /* MyRequest.swift */; };
		ACC1604F20C14123004B0854 /* WebViewController.swift in Sources */ = {isa = PBXBuildFile; fileRef = ACC1604E20C14123004B0854 /* WebViewController.swift */; };
/* End PBXBuildFile section */

/* Begin PBXFileReference section */
		1540301369D7C2EFA0149C4B /* Pods-hsh.debug.xcconfig */ = {isa = PBXFileReference; includeInIndex = 1; lastKnownFileType = text.xcconfig; name = "Pods-hsh.debug.xcconfig"; path = "Pods/Target Support Files/Pods-hsh/Pods-hsh.debug.xcconfig"; sourceTree = "<group>"; };
		2340CE7B7F9E62166E92FE9C /* Pods-hsh.release.xcconfig */ = {isa = PBXFileReference; includeInIndex = 1; lastKnownFileType = text.xcconfig; name = "Pods-hsh.release.xcconfig"; path = "Pods/Target Support Files/Pods-hsh/Pods-hsh.release.xcconfig"; sourceTree = "<group>"; };
		92A64C38F3B10879F5D98BB3 /* Pods_hsh.framework */ = {isa = PBXFileReference; explicitFileType = wrapper.framework; includeInIndex = 0; path = Pods_hsh.framework; sourceTree = BUILT_PRODUCTS_DIR; };
		AC65F2CD20C0F07C008187FB /* hsh.app */ = {isa = PBXFileReference; explicitFileType = wrapper.application; includeInIndex = 0; path = hsh.app; sourceTree = BUILT_PRODUCTS_DIR; };
		AC65F2D020C0F07C008187FB /* AppDelegate.swift */ = {isa = PBXFileReference; lastKnownFileType = sourcecode.swift; path = AppDelegate.swift; sourceTree = "<group>"; };
		AC65F2D520C0F07C008187FB /* Base */ = {isa = PBXFileReference; lastKnownFileType = file.storyboard; name = Base; path = Base.lproj/Main.storyboard; sourceTree = "<group>"; };
		AC65F2D720C0F07C008187FB /* Assets.xcassets */ = {isa = PBXFileReference; lastKnownFileType = folder.assetcatalog; path = Assets.xcassets; sourceTree = "<group>"; };
		AC65F2DA20C0F07C008187FB /* Base */ = {isa = PBXFileReference; lastKnownFileType = file.storyboard; name = Base; path = Base.lproj/LaunchScreen.storyboard; sourceTree = "<group>"; };
		AC65F2DC20C0F07C008187FB /* Info.plist */ = {isa = PBXFileReference; lastKnownFileType = text.plist.xml; path = Info.plist; sourceTree = "<group>"; };
		AC65F2FF20C0F244008187FB /* BaseTabBarController.swift */ = {isa = PBXFileReference; fileEncoding = 4; lastKnownFileType = sourcecode.swift; path = BaseTabBarController.swift; sourceTree = "<group>"; };
		AC65F30020C0F244008187FB /* BaseViewController.swift */ = {isa = PBXFileReference; fileEncoding = 4; lastKnownFileType = sourcecode.swift; path = BaseViewController.swift; sourceTree = "<group>"; };
		AC65F30120C0F244008187FB /* BaseNavigationController.swift */ = {isa = PBXFileReference; fileEncoding = 4; lastKnownFileType = sourcecode.swift; path = BaseNavigationController.swift; sourceTree = "<group>"; };
		AC65F30220C0F244008187FB /* OCMacro.h */ = {isa = PBXFileReference; fileEncoding = 4; lastKnownFileType = sourcecode.c.h; path = OCMacro.h; sourceTree = "<group>"; };
		AC65F30620C0F24B008187FB /* ShouyeViewcontrooler.swift */ = {isa = PBXFileReference; fileEncoding = 4; lastKnownFileType = sourcecode.swift; path = ShouyeViewcontrooler.swift; sourceTree = "<group>"; };
		AC65F30920C0F2B5008187FB /* hsh-Bridging-Header.h */ = {isa = PBXFileReference; lastKnownFileType = sourcecode.c.h; path = "hsh-Bridging-Header.h"; sourceTree = "<group>"; };
		AC65F30A20C0F688008187FB /* config.swift */ = {isa = PBXFileReference; lastKnownFileType = sourcecode.swift; path = config.swift; sourceTree = "<group>"; };
		AC65F30E20C11993008187FB /* shouye.storyboard */ = {isa = PBXFileReference; lastKnownFileType = file.storyboard; path = shouye.storyboard; sourceTree = "<group>"; };
		AC65F31020C124D8008187FB /* NSUser.swift */ = {isa = PBXFileReference; fileEncoding = 4; lastKnownFileType = sourcecode.swift; path = NSUser.swift; sourceTree = "<group>"; };
		AC65F31220C12525008187FB /* RwViewController.swift */ = {isa = PBXFileReference; lastKnownFileType = sourcecode.swift; path = RwViewController.swift; sourceTree = "<group>"; };
		AC65F31420C12652008187FB /* RwTableViewcell.swift */ = {isa = PBXFileReference; lastKnownFileType = sourcecode.swift; path = RwTableViewcell.swift; sourceTree = "<group>"; };
		AC65F31620C13039008187FB /* SJProgressHUD.swift */ = {isa = PBXFileReference; fileEncoding = 4; lastKnownFileType = sourcecode.swift; path = SJProgressHUD.swift; sourceTree = "<group>"; };
		AC7F3AC420C13A4C004E9299 /* MineViewcontroller.swift */ = {isa = PBXFileReference; lastKnownFileType = sourcecode.swift; path = MineViewcontroller.swift; sourceTree = "<group>"; };
		ACA2AD8E20C5036A002F315E /* IntroductionViewController.swift */ = {isa = PBXFileReference; lastKnownFileType = sourcecode.swift; path = IntroductionViewController.swift; sourceTree = "<group>"; };
		ACA2AD9320C5252E002F315E /* Reachability.swift */ = {isa = PBXFileReference; fileEncoding = 4; lastKnownFileType = sourcecode.swift; path = Reachability.swift; sourceTree = "<group>"; };
		ACA2AD9520C53453002F315E /* MyRequest.swift */ = {isa = PBXFileReference; fileEncoding = 4; lastKnownFileType = sourcecode.swift; path = MyRequest.swift; sourceTree = "<group>"; };
		ACC1604E20C14123004B0854 /* WebViewController.swift */ = {isa = PBXFileReference; fileEncoding = 4; lastKnownFileType = sourcecode.swift; path = WebViewController.swift; sourceTree = "<group>"; };
/* End PBXFileReference section */

/* Begin PBXFrameworksBuildPhase section */
		AC65F2CA20C0F07C008187FB /* Frameworks */ = {
			isa = PBXFrameworksBuildPhase;
			buildActionMask = 2147483647;
			files = (
				6BFB92DD0F59DD1BC79C2715 /* Pods_hsh.framework in Frameworks */,
			);
			runOnlyForDeploymentPostprocessing = 0;
		};
/* End PBXFrameworksBuildPhase section */

/* Begin PBXGroup section */
		0208C4660DA5BF440F4609DB /* Pods */ = {
			isa = PBXGroup;
			children = (
				1540301369D7C2EFA0149C4B /* Pods-hsh.debug.xcconfig */,
				2340CE7B7F9E62166E92FE9C /* Pods-hsh.release.xcconfig */,
			);
			name = Pods;
			sourceTree = "<group>";
		};
		AC65F2C420C0F07C008187FB = {
			isa = PBXGroup;
			children = (
				AC65F2CF20C0F07C008187FB /* hsh */,
				AC65F2CE20C0F07C008187FB /* Products */,
				0208C4660DA5BF440F4609DB /* Pods */,
				E7EB32AACE03BFB6DC505B44 /* Frameworks */,
			);
			sourceTree = "<group>";
		};
		AC65F2CE20C0F07C008187FB /* Products */ = {
			isa = PBXGroup;
			children = (
				AC65F2CD20C0F07C008187FB /* hsh.app */,
			);
			name = Products;
			sourceTree = "<group>";
		};
		AC65F2CF20C0F07C008187FB /* hsh */ = {
			isa = PBXGroup;
			children = (
				ACA2AD8820C4C478002F315E /* model */,
				ACA2AD8720C4C463002F315E /* view */,
				ACA2AD8920C4C483002F315E /* controller */,
				ACA2AD8620C4C446002F315E /* venders */,
				ACA2AD8520C4C42F002F315E /* Navigation+TabBar */,
				AC65F2FE20C0F244008187FB /* main */,
				AC65F2D420C0F07C008187FB /* Main.storyboard */,
				AC65F2D720C0F07C008187FB /* Assets.xcassets */,
				AC65F2D920C0F07C008187FB /* LaunchScreen.storyboard */,
				AC65F2DC20C0F07C008187FB /* Info.plist */,
			);
			path = hsh;
			sourceTree = "<group>";
		};
		AC65F2FE20C0F244008187FB /* main */ = {
			isa = PBXGroup;
			children = (
				AC65F2D020C0F07C008187FB /* AppDelegate.swift */,
				AC65F30A20C0F688008187FB /* config.swift */,
				AC65F30220C0F244008187FB /* OCMacro.h */,
				AC65F30920C0F2B5008187FB /* hsh-Bridging-Header.h */,
			);
			path = main;
			sourceTree = "<group>";
		};
		ACA2AD8520C4C42F002F315E /* Navigation+TabBar */ = {
			isa = PBXGroup;
			children = (
				AC65F2FF20C0F244008187FB /* BaseTabBarController.swift */,
				AC65F30020C0F244008187FB /* BaseViewController.swift */,
				AC65F30120C0F244008187FB /* BaseNavigationController.swift */,
			);
			path = "Navigation+TabBar";
			sourceTree = "<group>";
		};
		ACA2AD8620C4C446002F315E /* venders */ = {
			isa = PBXGroup;
			children = (
				ACA2AD9520C53453002F315E /* MyRequest.swift */,
				ACA2AD9320C5252E002F315E /* Reachability.swift */,
				AC65F31620C13039008187FB /* SJProgressHUD.swift */,
				AC65F31020C124D8008187FB /* NSUser.swift */,
			);
			path = venders;
			sourceTree = "<group>";
		};
		ACA2AD8720C4C463002F315E /* view */ = {
			isa = PBXGroup;
			children = (
				AC65F31420C12652008187FB /* RwTableViewcell.swift */,
				AC65F30E20C11993008187FB /* shouye.storyboard */,
			);
			path = view;
			sourceTree = "<group>";
		};
		ACA2AD8820C4C478002F315E /* model */ = {
			isa = PBXGroup;
			children = (
			);
			path = model;
			sourceTree = "<group>";
		};
		ACA2AD8920C4C483002F315E /* controller */ = {
			isa = PBXGroup;
			children = (
				AC65F30620C0F24B008187FB /* ShouyeViewcontrooler.swift */,
				ACA2AD8E20C5036A002F315E /* IntroductionViewController.swift */,
				AC65F31220C12525008187FB /* RwViewController.swift */,
				ACC1604E20C14123004B0854 /* WebViewController.swift */,
				AC7F3AC420C13A4C004E9299 /* MineViewcontroller.swift */,
			);
			path = controller;
			sourceTree = "<group>";
		};
		E7EB32AACE03BFB6DC505B44 /* Frameworks */ = {
			isa = PBXGroup;
			children = (
				92A64C38F3B10879F5D98BB3 /* Pods_hsh.framework */,
			);
			name = Frameworks;
			sourceTree = "<group>";
		};
/* End PBXGroup section */

/* Begin PBXNativeTarget section */
		AC65F2CC20C0F07C008187FB /* hsh */ = {
			isa = PBXNativeTarget;
			buildConfigurationList = AC65F2F520C0F07C008187FB /* Build configuration list for PBXNativeTarget "hsh" */;
			buildPhases = (
				762096FF836DD60258389DA2 /* [CP] Check Pods Manifest.lock */,
				AC65F2C920C0F07C008187FB /* Sources */,
				AC65F2CA20C0F07C008187FB /* Frameworks */,
				AC65F2CB20C0F07C008187FB /* Resources */,
				2F5550BDE59F966439B40F40 /* [CP] Embed Pods Frameworks */,
			);
			buildRules = (
			);
			dependencies = (
			);
			name = hsh;
			productName = hsh;
			productReference = AC65F2CD20C0F07C008187FB /* hsh.app */;
			productType = "com.apple.product-type.application";
		};
/* End PBXNativeTarget section */

/* Begin PBXProject section */
		AC65F2C520C0F07C008187FB /* Project object */ = {
			isa = PBXProject;
			attributes = {
				LastSwiftUpdateCheck = 0920;
				LastUpgradeCheck = 0920;
				ORGANIZATIONNAME = guest;
				TargetAttributes = {
					AC65F2CC20C0F07C008187FB = {
						CreatedOnToolsVersion = 9.2;
						ProvisioningStyle = Manual;
					};
				};
			};
			buildConfigurationList = AC65F2C820C0F07C008187FB /* Build configuration list for PBXProject "hsh" */;
			compatibilityVersion = "Xcode 8.0";
			developmentRegion = en;
			hasScannedForEncodings = 0;
			knownRegions = (
				en,
				Base,
			);
			mainGroup = AC65F2C420C0F07C008187FB;
			productRefGroup = AC65F2CE20C0F07C008187FB /* Products */;
			projectDirPath = "";
			projectRoot = "";
			targets = (
				AC65F2CC20C0F07C008187FB /* hsh */,
			);
		};
/* End PBXProject section */

/* Begin PBXResourcesBuildPhase section */
		AC65F2CB20C0F07C008187FB /* Resources */ = {
			isa = PBXResourcesBuildPhase;
			buildActionMask = 2147483647;
			files = (
				AC65F2DB20C0F07C008187FB /* LaunchScreen.storyboard in Resources */,
				AC65F30F20C11993008187FB /* shouye.storyboard in Resources */,
				AC65F2D820C0F07C008187FB /* Assets.xcassets in Resources */,
				AC65F2D620C0F07C008187FB /* Main.storyboard in Resources */,
			);
			runOnlyForDeploymentPostprocessing = 0;
		};
/* End PBXResourcesBuildPhase section */

/* Begin PBXShellScriptBuildPhase section */
		2F5550BDE59F966439B40F40 /* [CP] Embed Pods Frameworks */ = {
			isa = PBXShellScriptBuildPhase;
			buildActionMask = 2147483647;
			files = (
			);
			inputPaths = (
				"${SRCROOT}/Pods/Target Support Files/Pods-hsh/Pods-hsh-frameworks.sh",
				"${BUILT_PRODUCTS_DIR}/Alamofire/Alamofire.framework",
				"${BUILT_PRODUCTS_DIR}/SwiftyJSON/SwiftyJSON.framework",
			);
			name = "[CP] Embed Pods Frameworks";
			outputPaths = (
				"${TARGET_BUILD_DIR}/${FRAMEWORKS_FOLDER_PATH}/Alamofire.framework",
				"${TARGET_BUILD_DIR}/${FRAMEWORKS_FOLDER_PATH}/SwiftyJSON.framework",
			);
			runOnlyForDeploymentPostprocessing = 0;
			shellPath = /bin/sh;
			shellScript = "\"${SRCROOT}/Pods/Target Support Files/Pods-hsh/Pods-hsh-frameworks.sh\"\n";
			showEnvVarsInLog = 0;
		};
		762096FF836DD60258389DA2 /* [CP] Check Pods Manifest.lock */ = {
			isa = PBXShellScriptBuildPhase;
			buildActionMask = 2147483647;
			files = (
			);
			inputPaths = (
				"${PODS_PODFILE_DIR_PATH}/Podfile.lock",
				"${PODS_ROOT}/Manifest.lock",
			);
			name = "[CP] Check Pods Manifest.lock";
			outputPaths = (
				"$(DERIVED_FILE_DIR)/Pods-hsh-checkManifestLockResult.txt",
			);
			runOnlyForDeploymentPostprocessing = 0;
			shellPath = /bin/sh;
			shellScript = "diff \"${PODS_PODFILE_DIR_PATH}/Podfile.lock\" \"${PODS_ROOT}/Manifest.lock\" > /dev/null\nif [ $? != 0 ] ; then\n    # print error to STDERR\n    echo \"error: The sandbox is not in sync with the Podfile.lock. Run 'pod install' or update your CocoaPods installation.\" >&2\n    exit 1\nfi\n# This output is used by Xcode 'outputs' to avoid re-running this script phase.\necho \"SUCCESS\" > \"${SCRIPT_OUTPUT_FILE_0}\"\n";
			showEnvVarsInLog = 0;
		};
/* End PBXShellScriptBuildPhase section */

/* Begin PBXSourcesBuildPhase section */
		AC65F2C920C0F07C008187FB /* Sources */ = {
			isa = PBXSourcesBuildPhase;
			buildActionMask = 2147483647;
			files = (
				ACA2AD9420C5252F002F315E /* Reachability.swift in Sources */,
				AC65F30520C0F245008187FB /* BaseNavigationController.swift in Sources */,
				AC65F31520C12652008187FB /* RwTableViewcell.swift in Sources */,
				AC65F31320C12525008187FB /* RwViewController.swift in Sources */,
				AC65F31720C13039008187FB /* SJProgressHUD.swift in Sources */,
				AC65F30320C0F245008187FB /* BaseTabBarController.swift in Sources */,
				ACA2AD8F20C5036A002F315E /* IntroductionViewController.swift in Sources */,
				AC65F2D120C0F07C008187FB /* AppDelegate.swift in Sources */,
				ACA2AD9620C53453002F315E /* MyRequest.swift in Sources */,
				AC65F30B20C0F688008187FB /* config.swift in Sources */,
				ACC1604F20C14123004B0854 /* WebViewController.swift in Sources */,
				AC7F3AC520C13A4C004E9299 /* MineViewcontroller.swift in Sources */,
				AC65F31120C124D8008187FB /* NSUser.swift in Sources */,
				AC65F30420C0F245008187FB /* BaseViewController.swift in Sources */,
				AC65F30720C0F24B008187FB /* ShouyeViewcontrooler.swift in Sources */,
			);
			runOnlyForDeploymentPostprocessing = 0;
		};
/* End PBXSourcesBuildPhase section */

/* Begin PBXVariantGroup section */
		AC65F2D420C0F07C008187FB /* Main.storyboard */ = {
			isa = PBXVariantGroup;
			children = (
				AC65F2D520C0F07C008187FB /* Base */,
			);
			name = Main.storyboard;
			sourceTree = "<group>";
		};
		AC65F2D920C0F07C008187FB /* LaunchScreen.storyboard */ = {
			isa = PBXVariantGroup;
			children = (
				AC65F2DA20C0F07C008187FB /* Base */,
			);
			name = LaunchScreen.storyboard;
			sourceTree = "<group>";
		};
/* End PBXVariantGroup section */

/* Begin XCBuildConfiguration section */
		AC65F2F320C0F07C008187FB /* Debug */ = {
			isa = XCBuildConfiguration;
			buildSettings = {
				ALWAYS_SEARCH_USER_PATHS = NO;
				CLANG_ANALYZER_NONNULL = YES;
				CLANG_ANALYZER_NUMBER_OBJECT_CONVERSION = YES_AGGRESSIVE;
				CLANG_CXX_LANGUAGE_STANDARD = "gnu++14";
				CLANG_CXX_LIBRARY = "libc++";
				CLANG_ENABLE_MODULES = YES;
				CLANG_ENABLE_OBJC_ARC = YES;
				CLANG_WARN_BLOCK_CAPTURE_AUTORELEASING = YES;
				CLANG_WARN_BOOL_CONVERSION = YES;
				CLANG_WARN_COMMA = YES;
				CLANG_WARN_CONSTANT_CONVERSION = YES;
				CLANG_WARN_DIRECT_OBJC_ISA_USAGE = YES_ERROR;
				CLANG_WARN_DOCUMENTATION_COMMENTS = YES;
				CLANG_WARN_EMPTY_BODY = YES;
				CLANG_WARN_ENUM_CONVERSION = YES;
				CLANG_WARN_INFINITE_RECURSION = YES;
				CLANG_WARN_INT_CONVERSION = YES;
				CLANG_WARN_NON_LITERAL_NULL_CONVERSION = YES;
				CLANG_WARN_OBJC_LITERAL_CONVERSION = YES;
				CLANG_WARN_OBJC_ROOT_CLASS = YES_ERROR;
				CLANG_WARN_RANGE_LOOP_ANALYSIS = YES;
				CLANG_WARN_STRICT_PROTOTYPES = YES;
				CLANG_WARN_SUSPICIOUS_MOVE = YES;
				CLANG_WARN_UNGUARDED_AVAILABILITY = YES_AGGRESSIVE;
				CLANG_WARN_UNREACHABLE_CODE = YES;
				CLANG_WARN__DUPLICATE_METHOD_MATCH = YES;
				CODE_SIGN_IDENTITY = "iPhone Developer: Pierre JULITTE (6D6BN7B2NT)";
				COPY_PHASE_STRIP = NO;
				DEBUG_INFORMATION_FORMAT = dwarf;
				ENABLE_STRICT_OBJC_MSGSEND = YES;
				ENABLE_TESTABILITY = YES;
				GCC_C_LANGUAGE_STANDARD = gnu11;
				GCC_DYNAMIC_NO_PIC = NO;
				GCC_NO_COMMON_BLOCKS = YES;
				GCC_OPTIMIZATION_LEVEL = 0;
				GCC_PREPROCESSOR_DEFINITIONS = (
					"DEBUG=1",
					"$(inherited)",
				);
				GCC_WARN_64_TO_32_BIT_CONVERSION = YES;
				GCC_WARN_ABOUT_RETURN_TYPE = YES_ERROR;
				GCC_WARN_UNDECLARED_SELECTOR = YES;
				GCC_WARN_UNINITIALIZED_AUTOS = YES_AGGRESSIVE;
				GCC_WARN_UNUSED_FUNCTION = YES;
				GCC_WARN_UNUSED_VARIABLE = YES;
				IPHONEOS_DEPLOYMENT_TARGET = 11.2;
				MTL_ENABLE_DEBUG_INFO = YES;
				ONLY_ACTIVE_ARCH = YES;
				SDKROOT = iphoneos;
				SWIFT_ACTIVE_COMPILATION_CONDITIONS = DEBUG;
				SWIFT_OPTIMIZATION_LEVEL = "-Onone";
			};
			name = Debug;
		};
		AC65F2F420C0F07C008187FB /* Release */ = {
			isa = XCBuildConfiguration;
			buildSettings = {
				ALWAYS_SEARCH_USER_PATHS = NO;
				CLANG_ANALYZER_NONNULL = YES;
				CLANG_ANALYZER_NUMBER_OBJECT_CONVERSION = YES_AGGRESSIVE;
				CLANG_CXX_LANGUAGE_STANDARD = "gnu++14";
				CLANG_CXX_LIBRARY = "libc++";
				CLANG_ENABLE_MODULES = YES;
				CLANG_ENABLE_OBJC_ARC = YES;
				CLANG_WARN_BLOCK_CAPTURE_AUTORELEASING = YES;
				CLANG_WARN_BOOL_CONVERSION = YES;
				CLANG_WARN_COMMA = YES;
				CLANG_WARN_CONSTANT_CONVERSION = YES;
				CLANG_WARN_DIRECT_OBJC_ISA_USAGE = YES_ERROR;
				CLANG_WARN_DOCUMENTATION_COMMENTS = YES;
				CLANG_WARN_EMPTY_BODY = YES;
				CLANG_WARN_ENUM_CONVERSION = YES;
				CLANG_WARN_INFINITE_RECURSION = YES;
				CLANG_WARN_INT_CONVERSION = YES;
				CLANG_WARN_NON_LITERAL_NULL_CONVERSION = YES;
				CLANG_WARN_OBJC_LITERAL_CONVERSION = YES;
				CLANG_WARN_OBJC_ROOT_CLASS = YES_ERROR;
				CLANG_WARN_RANGE_LOOP_ANALYSIS = YES;
				CLANG_WARN_STRICT_PROTOTYPES = YES;
				CLANG_WARN_SUSPICIOUS_MOVE = YES;
				CLANG_WARN_UNGUARDED_AVAILABILITY = YES_AGGRESSIVE;
				CLANG_WARN_UNREACHABLE_CODE = YES;
				CLANG_WARN__DUPLICATE_METHOD_MATCH = YES;
				CODE_SIGN_IDENTITY = "iPhone Developer: Pierre JULITTE (6D6BN7B2NT)";
				COPY_PHASE_STRIP = NO;
				DEBUG_INFORMATION_FORMAT = "dwarf-with-dsym";
				ENABLE_NS_ASSERTIONS = NO;
				ENABLE_STRICT_OBJC_MSGSEND = YES;
				GCC_C_LANGUAGE_STANDARD = gnu11;
				GCC_NO_COMMON_BLOCKS = YES;
				GCC_WARN_64_TO_32_BIT_CONVERSION = YES;
				GCC_WARN_ABOUT_RETURN_TYPE = YES_ERROR;
				GCC_WARN_UNDECLARED_SELECTOR = YES;
				GCC_WARN_UNINITIALIZED_AUTOS = YES_AGGRESSIVE;
				GCC_WARN_UNUSED_FUNCTION = YES;
				GCC_WARN_UNUSED_VARIABLE = YES;
				IPHONEOS_DEPLOYMENT_TARGET = 11.2;
				MTL_ENABLE_DEBUG_INFO = NO;
				SDKROOT = iphoneos;
				SWIFT_OPTIMIZATION_LEVEL = "-Owholemodule";
				VALIDATE_PRODUCT = YES;
			};
			name = Release;
		};
		AC65F2F620C0F07C008187FB /* Debug */ = {
			isa = XCBuildConfiguration;
			baseConfigurationReference = 1540301369D7C2EFA0149C4B /* Pods-hsh.debug.xcconfig */;
			buildSettings = {
				ASSETCATALOG_COMPILER_APPICON_NAME = AppIcon;
				CODE_SIGN_IDENTITY = "iPhone Developer: Pierre JULITTE (6D6BN7B2NT)";
				"CODE_SIGN_IDENTITY[sdk=iphoneos*]" = "iPhone Developer";
				CODE_SIGN_STYLE = Manual;
				DEVELOPMENT_TEAM = "";
				INFOPLIST_FILE = hsh/Info.plist;
				IPHONEOS_DEPLOYMENT_TARGET = 9.0;
				LD_RUNPATH_SEARCH_PATHS = "$(inherited) @executable_path/Frameworks";
				PRODUCT_BUNDLE_IDENTIFIER = com.maple.study.hsh;
				PRODUCT_NAME = "$(TARGET_NAME)";
				PROVISIONING_PROFILE = "";
				PROVISIONING_PROFILE_SPECIFIER = "";
				SWIFT_VERSION = 4.0;
				TARGETED_DEVICE_FAMILY = 1;
			};
			name = Debug;
		};
		AC65F2F720C0F07C008187FB /* Release */ = {
			isa = XCBuildConfiguration;
			baseConfigurationReference = 2340CE7B7F9E62166E92FE9C /* Pods-hsh.release.xcconfig */;
			buildSettings = {
				ASSETCATALOG_COMPILER_APPICON_NAME = AppIcon;
				CODE_SIGN_IDENTITY = "iPhone Developer: Pierre JULITTE (6D6BN7B2NT)";
				"CODE_SIGN_IDENTITY[sdk=iphoneos*]" = "iPhone Developer";
				CODE_SIGN_STYLE = Manual;
				DEVELOPMENT_TEAM = "";
				INFOPLIST_FILE = hsh/Info.plist;
				IPHONEOS_DEPLOYMENT_TARGET = 9.0;
				LD_RUNPATH_SEARCH_PATHS = "$(inherited) @executable_path/Frameworks";
				PRODUCT_BUNDLE_IDENTIFIER = com.maple.study.hsh;
				PRODUCT_NAME = "$(TARGET_NAME)";
				PROVISIONING_PROFILE = "";
				PROVISIONING_PROFILE_SPECIFIER = "";
				SWIFT_VERSION = 4.0;
				TARGETED_DEVICE_FAMILY = 1;
			};
			name = Release;
		};
/* End XCBuildConfiguration section */

/* Begin XCConfigurationList section */
		AC65F2C820C0F07C008187FB /* Build configuration list for PBXProject "hsh" */ = {
			isa = XCConfigurationList;
			buildConfigurations = (
				AC65F2F320C0F07C008187FB /* Debug */,
				AC65F2F420C0F07C008187FB /* Release */,
			);
			defaultConfigurationIsVisible = 0;
			defaultConfigurationName = Release;
		};
		AC65F2F520C0F07C008187FB /* Build configuration list for PBXNativeTarget "hsh" */ = {
			isa = XCConfigurationList;
			buildConfigurations = (
				AC65F2F620C0F07C008187FB /* Debug */,
				AC65F2F720C0F07C008187FB /* Release */,
			);
			defaultConfigurationIsVisible = 0;
			defaultConfigurationName = Release;
		};
/* End XCConfigurationList section */
	};
	rootObject = AC65F2C520C0F07C008187FB /* Project object */;
}
